
Microsoft Visual Studio Solution File, Format Version 12.00
# Visual Studio 14
VisualStudioVersion = 14.0.23107.0
MinimumVisualStudioVersion = 10.0.40219.1
Project("{2150E333-8FDC-42A3-9474-1A3956D46DE8}") = "src", "src", "{7D91B3C7-E5DC-4C23-B47D-147775451001}"
EndProject
Project("{2150E333-8FDC-42A3-9474-1A3956D46DE8}") = "Solution Items", "Solution Items", "{AEF521F0-DEAA-4CC5-AF62-7D743A4157B0}"
	ProjectSection(SolutionItems) = preProject
		global.json = global.json
		NuGet.Config = NuGet.Config
	EndProjectSection
EndProject
Project("{8BB2217D-0F2D-49D1-97BC-3654ED321F3B}") = "TheWorld", "src\TheWorld\TheWorld.xproj", "{153433DE-7E14-4401-83BF-FF1465184A20}"
EndProject
Global
	GlobalSection(SolutionConfigurationPlatforms) = preSolution
		Debug|Any CPU = Debug|Any CPU
		Release|Any CPU = Release|Any CPU
	EndGlobalSection
	GlobalSection(ProjectConfigurationPlatforms) = postSolution
		{153433DE-7E14-4401-83BF-FF1465184A20}.Debug|Any CPU.ActiveCfg = Debug|Any CPU
		{153433DE-7E14-4401-83BF-FF1465184A20}.Debug|Any CPU.Build.0 = Debug|Any CPU
		{153433DE-7E14-4401-83BF-FF1465184A20}.Release|Any CPU.ActiveCfg = Release|Any CPU
		{153433DE-7E14-4401-83BF-FF1465184A20}.Release|Any CPU.Build.0 = Release|Any CPU
	EndGlobalSection
	GlobalSection(SolutionProperties) = preSolution
		HideSolutionNode = FALSE
	EndGlobalSection
	GlobalSection(NestedProjects) = preSolution
		{153433DE-7E14-4401-83BF-FF1465184A20} = {7D91B3C7-E5DC-4C23-B47D-147775451001}
	EndGlobalSection
EndGlobal
